
Microsoft Visual Studio Solution File, Format Version 12.00
# Visual Studio Version 17
VisualStudioVersion = 17.1.32414.318
MinimumVisualStudioVersion = 10.0.40219.1
Project("{FAE04EC0-301F-11D3-BF4B-00C04F79EFBC}") = "StudentRegistration.API", "StudentRegistration.API\StudentRegistration.API.csproj", "{8F6529BC-E19E-4F14-9B12-2091580D40F9}"
EndProject
Project("{FAE04EC0-301F-11D3-BF4B-00C04F79EFBC}") = "StudentRegistration.Data", "StudentRegistration.Data\StudentRegistration.Data.csproj", "{BD899D4C-EF84-4CBA-93BC-A1DA2B3EA6EB}"
EndProject
Project("{FAE04EC0-301F-11D3-BF4B-00C04F79EFBC}") = "StudentRegistration.Entity", "StudentRegistration.Entity\StudentRegistration.Entity.csproj", "{09CF31E8-6B5C-4986-AEB3-9104218C0B06}"
EndProject
Project("{FAE04EC0-301F-11D3-BF4B-00C04F79EFBC}") = "StudentRegistration.Business", "StudentRegistration.Business\StudentRegistration.Business.csproj", "{BEF7FDFE-2F93-4C22-A906-0CE5476627B3}"
EndProject
Project("{2150E333-8FDC-42A3-9474-1A3956D46DE8}") = "Solution Items", "Solution Items", "{DD94188B-6755-4335-8E2A-0256AB40B780}"
	ProjectSection(SolutionItems) = preProject
		.editorconfig = .editorconfig
	EndProjectSection
EndProject
Global
	GlobalSection(SolutionConfigurationPlatforms) = preSolution
		Debug|Any CPU = Debug|Any CPU
		Release|Any CPU = Release|Any CPU
	EndGlobalSection
	GlobalSection(ProjectConfigurationPlatforms) = postSolution
		{8F6529BC-E19E-4F14-9B12-2091580D40F9}.Debug|Any CPU.ActiveCfg = Debug|Any CPU
		{8F6529BC-E19E-4F14-9B12-2091580D40F9}.Debug|Any CPU.Build.0 = Debug|Any CPU
		{8F6529BC-E19E-4F14-9B12-2091580D40F9}.Release|Any CPU.ActiveCfg = Release|Any CPU
		{8F6529BC-E19E-4F14-9B12-2091580D40F9}.Release|Any CPU.Build.0 = Release|Any CPU
		{BD899D4C-EF84-4CBA-93BC-A1DA2B3EA6EB}.Debug|Any CPU.ActiveCfg = Debug|Any CPU
		{BD899D4C-EF84-4CBA-93BC-A1DA2B3EA6EB}.Debug|Any CPU.Build.0 = Debug|Any CPU
		{BD899D4C-EF84-4CBA-93BC-A1DA2B3EA6EB}.Release|Any CPU.ActiveCfg = Release|Any CPU
		{BD899D4C-EF84-4CBA-93BC-A1DA2B3EA6EB}.Release|Any CPU.Build.0 = Release|Any CPU
		{09CF31E8-6B5C-4986-AEB3-9104218C0B06}.Debug|Any CPU.ActiveCfg = Debug|Any CPU
		{09CF31E8-6B5C-4986-AEB3-9104218C0B06}.Debug|Any CPU.Build.0 = Debug|Any CPU
		{09CF31E8-6B5C-4986-AEB3-9104218C0B06}.Release|Any CPU.ActiveCfg = Release|Any CPU
		{09CF31E8-6B5C-4986-AEB3-9104218C0B06}.Release|Any CPU.Build.0 = Release|Any CPU
		{BEF7FDFE-2F93-4C22-A906-0CE5476627B3}.Debug|Any CPU.ActiveCfg = Debug|Any CPU
		{BEF7FDFE-2F93-4C22-A906-0CE5476627B3}.Debug|Any CPU.Build.0 = Debug|Any CPU
		{BEF7FDFE-2F93-4C22-A906-0CE5476627B3}.Release|Any CPU.ActiveCfg = Release|Any CPU
		{BEF7FDFE-2F93-4C22-A906-0CE5476627B3}.Release|Any CPU.Build.0 = Release|Any CPU
	EndGlobalSection
	GlobalSection(SolutionProperties) = preSolution
		HideSolutionNode = FALSE
	EndGlobalSection
	GlobalSection(ExtensibilityGlobals) = postSolution
		SolutionGuid = {06A4B8EB-D5D9-46C6-A944-BC4A1E7EBD9C}
	EndGlobalSection
EndGlobal
